
Microsoft Visual Studio Solution File, Format Version 12.00
# Visual Studio 15
VisualStudioVersion = 15.0.28010.2046
MinimumVisualStudioVersion = 10.0.40219.1
Project("{FAE04EC0-301F-11D3-BF4B-00C04F79EFBC}") = "Post3_GoogleReCaptchaV2", "Post3_GoogleReCaptchaV2\Post3_GoogleReCaptchaV2.csproj", "{FF28D0B1-C6BA-4647-B55E-89ED877EA7E5}"
EndProject
Global
	GlobalSection(SolutionConfigurationPlatforms) = preSolution
		Debug|Any CPU = Debug|Any CPU
		Release|Any CPU = Release|Any CPU
	EndGlobalSection
	GlobalSection(ProjectConfigurationPlatforms) = postSolution
		{FF28D0B1-C6BA-4647-B55E-89ED877EA7E5}.Debug|Any CPU.ActiveCfg = Debug|Any CPU
		{FF28D0B1-C6BA-4647-B55E-89ED877EA7E5}.Debug|Any CPU.Build.0 = Debug|Any CPU
		{FF28D0B1-C6BA-4647-B55E-89ED877EA7E5}.Release|Any CPU.ActiveCfg = Release|Any CPU
		{FF28D0B1-C6BA-4647-B55E-89ED877EA7E5}.Release|Any CPU.Build.0 = Release|Any CPU
	EndGlobalSection
	GlobalSection(SolutionProperties) = preSolution
		HideSolutionNode = FALSE
	EndGlobalSection
	GlobalSection(ExtensibilityGlobals) = postSolution
		SolutionGuid = {948DC3C4-A332-4ECE-B1B0-C4702A809DA6}
	EndGlobalSection
EndGlobal
